
Microsoft Visual Studio Solution File, Format Version 12.00
# Visual Studio Version 16
VisualStudioVersion = 16.0.29326.143
MinimumVisualStudioVersion = 10.0.40219.1
Project("{FAE04EC0-301F-11D3-BF4B-00C04F79EFBC}") = "Tibimon", "Tibimon\Tibimon.csproj", "{56D91D73-988C-44E3-BAD7-A574CAE8CC08}"
EndProject
Global
	GlobalSection(SolutionConfigurationPlatforms) = preSolution
		Debug|Any CPU = Debug|Any CPU
		Release|Any CPU = Release|Any CPU
	EndGlobalSection
	GlobalSection(ProjectConfigurationPlatforms) = postSolution
		{56D91D73-988C-44E3-BAD7-A574CAE8CC08}.Debug|Any CPU.ActiveCfg = Debug|Any CPU
		{56D91D73-988C-44E3-BAD7-A574CAE8CC08}.Debug|Any CPU.Build.0 = Debug|Any CPU
		{56D91D73-988C-44E3-BAD7-A574CAE8CC08}.Release|Any CPU.ActiveCfg = Release|Any CPU
		{56D91D73-988C-44E3-BAD7-A574CAE8CC08}.Release|Any CPU.Build.0 = Release|Any CPU
	EndGlobalSection
	GlobalSection(SolutionProperties) = preSolution
		HideSolutionNode = FALSE
	EndGlobalSection
	GlobalSection(ExtensibilityGlobals) = postSolution
		SolutionGuid = {DDAC3CAE-74A2-40E8-B152-C9E6C879027C}
	EndGlobalSection
EndGlobal
